
Microsoft Visual Studio Solution File, Format Version 12.00
# Visual Studio 2017
Project("{FAE04EC0-301F-11D3-BF4B-00C04F79EFBC}") = "Vr_Net_Client_Unity3D_Oculus-master", "Vr_Net_Client_Unity3D_Oculus-master.csproj", "{67BDCA20-6BA4-2794-433D-2F931A7F1417}"
EndProject
Project("{FAE04EC0-301F-11D3-BF4B-00C04F79EFBC}") = "Vr_Net_Client_Unity3D_Oculus-master.Editor", "Vr_Net_Client_Unity3D_Oculus-master.Editor.csproj", "{06177BBE-BAD9-5493-26A8-F1F2417FE8CC}"
EndProject
Global
	GlobalSection(SolutionConfigurationPlatforms) = preSolution
		Debug|Any CPU = Debug|Any CPU
		Release|Any CPU = Release|Any CPU
	EndGlobalSection
	GlobalSection(ProjectConfigurationPlatforms) = postSolution
		{67BDCA20-6BA4-2794-433D-2F931A7F1417}.Debug|Any CPU.ActiveCfg = Debug|Any CPU
		{67BDCA20-6BA4-2794-433D-2F931A7F1417}.Debug|Any CPU.Build.0 = Debug|Any CPU
		{67BDCA20-6BA4-2794-433D-2F931A7F1417}.Release|Any CPU.ActiveCfg = Release|Any CPU
		{67BDCA20-6BA4-2794-433D-2F931A7F1417}.Release|Any CPU.Build.0 = Release|Any CPU
		{06177BBE-BAD9-5493-26A8-F1F2417FE8CC}.Debug|Any CPU.ActiveCfg = Debug|Any CPU
		{06177BBE-BAD9-5493-26A8-F1F2417FE8CC}.Debug|Any CPU.Build.0 = Debug|Any CPU
		{06177BBE-BAD9-5493-26A8-F1F2417FE8CC}.Release|Any CPU.ActiveCfg = Release|Any CPU
		{06177BBE-BAD9-5493-26A8-F1F2417FE8CC}.Release|Any CPU.Build.0 = Release|Any CPU
	EndGlobalSection
	GlobalSection(SolutionProperties) = preSolution
		HideSolutionNode = FALSE
	EndGlobalSection
EndGlobal
