
Microsoft Visual Studio Solution File, Format Version 12.00
# Visual Studio 2017
Project("{FAE04EC0-301F-11D3-BF4B-00C04F79EFBC}") = "Vr_Net_Client_Unity3D_Oculus", "Vr_Net_Client_Unity3D_Oculus.csproj", "{0F0EE6DA-1D1D-5311-7B35-95C9D014F4D7}"
EndProject
Project("{FAE04EC0-301F-11D3-BF4B-00C04F79EFBC}") = "Vr_Net_Client_Unity3D_Oculus.Editor", "Vr_Net_Client_Unity3D_Oculus.Editor.csproj", "{714A9550-3309-F4A0-A292-2DD4A6FF9E23}"
EndProject
Global
	GlobalSection(SolutionConfigurationPlatforms) = preSolution
		Debug|Any CPU = Debug|Any CPU
		Release|Any CPU = Release|Any CPU
	EndGlobalSection
	GlobalSection(ProjectConfigurationPlatforms) = postSolution
		{0F0EE6DA-1D1D-5311-7B35-95C9D014F4D7}.Debug|Any CPU.ActiveCfg = Debug|Any CPU
		{0F0EE6DA-1D1D-5311-7B35-95C9D014F4D7}.Debug|Any CPU.Build.0 = Debug|Any CPU
		{0F0EE6DA-1D1D-5311-7B35-95C9D014F4D7}.Release|Any CPU.ActiveCfg = Release|Any CPU
		{0F0EE6DA-1D1D-5311-7B35-95C9D014F4D7}.Release|Any CPU.Build.0 = Release|Any CPU
		{714A9550-3309-F4A0-A292-2DD4A6FF9E23}.Debug|Any CPU.ActiveCfg = Debug|Any CPU
		{714A9550-3309-F4A0-A292-2DD4A6FF9E23}.Debug|Any CPU.Build.0 = Debug|Any CPU
		{714A9550-3309-F4A0-A292-2DD4A6FF9E23}.Release|Any CPU.ActiveCfg = Release|Any CPU
		{714A9550-3309-F4A0-A292-2DD4A6FF9E23}.Release|Any CPU.Build.0 = Release|Any CPU
	EndGlobalSection
	GlobalSection(SolutionProperties) = preSolution
		HideSolutionNode = FALSE
	EndGlobalSection
EndGlobal
